
Microsoft Visual Studio Solution File, Format Version 12.00
# Visual Studio Version 17
VisualStudioVersion = 17.11.35303.130
MinimumVisualStudioVersion = 10.0.40219.1
Project("{888888A0-9F3D-457C-B088-3A5042F75D52}") = "FlaskWebProject1222", "FlaskWebProject1222\FlaskWebProject1222.pyproj", "{1DB8BC9D-998C-41BC-82A4-CFA4B15E55A3}"
EndProject
Global
	GlobalSection(SolutionConfigurationPlatforms) = preSolution
		Debug|Any CPU = Debug|Any CPU
		Release|Any CPU = Release|Any CPU
	EndGlobalSection
	GlobalSection(ProjectConfigurationPlatforms) = postSolution
		{1DB8BC9D-998C-41BC-82A4-CFA4B15E55A3}.Debug|Any CPU.ActiveCfg = Debug|Any CPU
		{1DB8BC9D-998C-41BC-82A4-CFA4B15E55A3}.Debug|Any CPU.Build.0 = Debug|Any CPU
		{1DB8BC9D-998C-41BC-82A4-CFA4B15E55A3}.Release|Any CPU.ActiveCfg = Release|Any CPU
		{1DB8BC9D-998C-41BC-82A4-CFA4B15E55A3}.Release|Any CPU.Build.0 = Release|Any CPU
	EndGlobalSection
	GlobalSection(SolutionProperties) = preSolution
		HideSolutionNode = FALSE
	EndGlobalSection
	GlobalSection(ExtensibilityGlobals) = postSolution
		SolutionGuid = {3D32FBB0-32A0-4063-87D8-F1018A145E3F}
	EndGlobalSection
EndGlobal
